
Microsoft Visual Studio Solution File, Format Version 12.00
# Visual Studio Version 16
VisualStudioVersion = 16.0.31205.134
MinimumVisualStudioVersion = 10.0.40219.1
Project("{FAE04EC0-301F-11D3-BF4B-00C04F79EFBC}") = "CetStudent", "CetStudent\CetStudent.csproj", "{42A5E287-4C2A-4864-AC0E-5B48358B4F4B}"
EndProject
Global
	GlobalSection(SolutionConfigurationPlatforms) = preSolution
		Debug|Any CPU = Debug|Any CPU
		Release|Any CPU = Release|Any CPU
	EndGlobalSection
	GlobalSection(ProjectConfigurationPlatforms) = postSolution
		{42A5E287-4C2A-4864-AC0E-5B48358B4F4B}.Debug|Any CPU.ActiveCfg = Debug|Any CPU
		{42A5E287-4C2A-4864-AC0E-5B48358B4F4B}.Debug|Any CPU.Build.0 = Debug|Any CPU
		{42A5E287-4C2A-4864-AC0E-5B48358B4F4B}.Release|Any CPU.ActiveCfg = Release|Any CPU
		{42A5E287-4C2A-4864-AC0E-5B48358B4F4B}.Release|Any CPU.Build.0 = Release|Any CPU
	EndGlobalSection
	GlobalSection(SolutionProperties) = preSolution
		HideSolutionNode = FALSE
	EndGlobalSection
	GlobalSection(ExtensibilityGlobals) = postSolution
		SolutionGuid = {40F72A87-6784-4425-9C93-C406E868B4D6}
	EndGlobalSection
EndGlobal
